
Microsoft Visual Studio Solution File, Format Version 12.00
# Visual Studio Version 17
VisualStudioVersion = 17.5.002.0
MinimumVisualStudioVersion = 10.0.40219.1
Project("{9A19103F-16F7-4668-BE54-9A1E7A4F7556}") = "Shopper_Demo", "Shopper_Demo.csproj", "{73CC269D-53B6-48BD-A8B2-ECA3F344EF08}"
EndProject
Global
	GlobalSection(SolutionConfigurationPlatforms) = preSolution
		Debug|Any CPU = Debug|Any CPU
		Release|Any CPU = Release|Any CPU
	EndGlobalSection
	GlobalSection(ProjectConfigurationPlatforms) = postSolution
		{73CC269D-53B6-48BD-A8B2-ECA3F344EF08}.Debug|Any CPU.ActiveCfg = Debug|Any CPU
		{73CC269D-53B6-48BD-A8B2-ECA3F344EF08}.Debug|Any CPU.Build.0 = Debug|Any CPU
		{73CC269D-53B6-48BD-A8B2-ECA3F344EF08}.Release|Any CPU.ActiveCfg = Release|Any CPU
		{73CC269D-53B6-48BD-A8B2-ECA3F344EF08}.Release|Any CPU.Build.0 = Release|Any CPU
	EndGlobalSection
	GlobalSection(SolutionProperties) = preSolution
		HideSolutionNode = FALSE
	EndGlobalSection
	GlobalSection(ExtensibilityGlobals) = postSolution
		SolutionGuid = {A841209A-A1B0-48CB-B091-11C6B32B7AE7}
	EndGlobalSection
EndGlobal
